
Microsoft Visual Studio Solution File, Format Version 11.00
# Visual Studio 2010
Project("{FAE04EC0-301F-11D3-BF4B-00C04F79EFBC}") = "Assembly-CSharp", "Assembly-CSharp.csproj", "{8ea286be-43a6-eb09-ed71-3ea0127e1bee}"
EndProject
Project("{FAE04EC0-301F-11D3-BF4B-00C04F79EFBC}") = "Assembly-CSharp-Editor", "Assembly-CSharp-Editor.csproj", "{d6e3799b-ce5b-caf1-db91-d8d806ccb7d2}"
EndProject
Global
	GlobalSection(SolutionConfigurationPlatforms) = preSolution
		Debug|Any CPU = Debug|Any CPU
	EndGlobalSection
	GlobalSection(ProjectConfigurationPlatforms) = postSolution
		{8ea286be-43a6-eb09-ed71-3ea0127e1bee}.Debug|Any CPU.ActiveCfg = Debug|Any CPU
		{8ea286be-43a6-eb09-ed71-3ea0127e1bee}.Debug|Any CPU.Build.0 = Debug|Any CPU
		{d6e3799b-ce5b-caf1-db91-d8d806ccb7d2}.Debug|Any CPU.ActiveCfg = Debug|Any CPU
		{d6e3799b-ce5b-caf1-db91-d8d806ccb7d2}.Debug|Any CPU.Build.0 = Debug|Any CPU
	EndGlobalSection
	GlobalSection(SolutionProperties) = preSolution
		HideSolutionNode = FALSE
	EndGlobalSection
EndGlobal
